
Microsoft Visual Studio Solution File, Format Version 12.00
# Visual Studio Version 16
VisualStudioVersion = 16.0.29613.14
MinimumVisualStudioVersion = 10.0.40219.1
Project("{9A19103F-16F7-4668-BE54-9A1E7A4F7556}") = "KSPForums", "KSPForums\KSPForums.csproj", "{8BA3672D-B744-461F-8500-FF8235DA19D8}"
EndProject
Project("{9A19103F-16F7-4668-BE54-9A1E7A4F7556}") = "KSPForums.Data", "KSPForums.Data\KSPForums.Data.csproj", "{747CA5CA-110E-44B4-B335-CDC29EA5D67E}"
EndProject
Project("{FAE04EC0-301F-11D3-BF4B-00C04F79EFBC}") = "KSPForums.Service", "KSPForums.Service\KSPForums.Service.csproj", "{328E9F93-5977-4015-8786-817B090CF293}"
EndProject
Global
	GlobalSection(SolutionConfigurationPlatforms) = preSolution
		Debug|Any CPU = Debug|Any CPU
		Release|Any CPU = Release|Any CPU
	EndGlobalSection
	GlobalSection(ProjectConfigurationPlatforms) = postSolution
		{8BA3672D-B744-461F-8500-FF8235DA19D8}.Debug|Any CPU.ActiveCfg = Debug|Any CPU
		{8BA3672D-B744-461F-8500-FF8235DA19D8}.Debug|Any CPU.Build.0 = Debug|Any CPU
		{8BA3672D-B744-461F-8500-FF8235DA19D8}.Release|Any CPU.ActiveCfg = Release|Any CPU
		{8BA3672D-B744-461F-8500-FF8235DA19D8}.Release|Any CPU.Build.0 = Release|Any CPU
		{747CA5CA-110E-44B4-B335-CDC29EA5D67E}.Debug|Any CPU.ActiveCfg = Debug|Any CPU
		{747CA5CA-110E-44B4-B335-CDC29EA5D67E}.Debug|Any CPU.Build.0 = Debug|Any CPU
		{747CA5CA-110E-44B4-B335-CDC29EA5D67E}.Release|Any CPU.ActiveCfg = Release|Any CPU
		{747CA5CA-110E-44B4-B335-CDC29EA5D67E}.Release|Any CPU.Build.0 = Release|Any CPU
		{328E9F93-5977-4015-8786-817B090CF293}.Debug|Any CPU.ActiveCfg = Debug|Any CPU
		{328E9F93-5977-4015-8786-817B090CF293}.Debug|Any CPU.Build.0 = Debug|Any CPU
		{328E9F93-5977-4015-8786-817B090CF293}.Release|Any CPU.ActiveCfg = Release|Any CPU
		{328E9F93-5977-4015-8786-817B090CF293}.Release|Any CPU.Build.0 = Release|Any CPU
	EndGlobalSection
	GlobalSection(SolutionProperties) = preSolution
		HideSolutionNode = FALSE
	EndGlobalSection
	GlobalSection(ExtensibilityGlobals) = postSolution
		SolutionGuid = {0F9ED5E9-4E43-43AD-B41F-9D4A8B8B079A}
	EndGlobalSection
EndGlobal
